
Microsoft Visual Studio Solution File, Format Version 12.00
# Visual Studio 2012
Project("{FAE04EC0-301F-11D3-BF4B-00C04F79EFBC}") = "The Project.Plugins", "The Project.Plugins.csproj", "{AB372C46-6299-8472-09EC-E2964F5CDE86}"
EndProject
Project("{2150E333-8FDC-42A3-9474-1A3956D46DE8}") = "Solution Items", "Solution Items", "{AC424C90-638A-45FB-9273-F43863F0B3F1}"
	ProjectSection(SolutionItems) = preProject
		The Project.Plugins.sln = The Project.Plugins.sln
	EndProjectSection
EndProject
Global
	GlobalSection(SolutionConfigurationPlatforms) = preSolution
		Debug|Any CPU = Debug|Any CPU
		Release|Any CPU = Release|Any CPU
	EndGlobalSection
	GlobalSection(ProjectConfigurationPlatforms) = postSolution
		{AB372C46-6299-8472-09EC-E2964F5CDE86}.Debug|Any CPU.ActiveCfg = Debug|Any CPU
		{AB372C46-6299-8472-09EC-E2964F5CDE86}.Debug|Any CPU.Build.0 = Debug|Any CPU
		{AB372C46-6299-8472-09EC-E2964F5CDE86}.Release|Any CPU.ActiveCfg = Release|Any CPU
		{AB372C46-6299-8472-09EC-E2964F5CDE86}.Release|Any CPU.Build.0 = Release|Any CPU
	EndGlobalSection
EndGlobal
